
Microsoft Visual Studio Solution File, Format Version 12.00
# Visual Studio Version 17
VisualStudioVersion = 17.11.35327.3
MinimumVisualStudioVersion = 10.0.40219.1
Project("{9A19103F-16F7-4668-BE54-9A1E7A4F7556}") = "BlazorStajApplication", "BlazorStajApplication\BlazorStajApplication.csproj", "{7FA5A324-F232-4C59-A09E-509AED728ECF}"
EndProject
Global
	GlobalSection(SolutionConfigurationPlatforms) = preSolution
		Debug|Any CPU = Debug|Any CPU
		Release|Any CPU = Release|Any CPU
	EndGlobalSection
	GlobalSection(ProjectConfigurationPlatforms) = postSolution
		{7FA5A324-F232-4C59-A09E-509AED728ECF}.Debug|Any CPU.ActiveCfg = Debug|Any CPU
		{7FA5A324-F232-4C59-A09E-509AED728ECF}.Debug|Any CPU.Build.0 = Debug|Any CPU
		{7FA5A324-F232-4C59-A09E-509AED728ECF}.Release|Any CPU.ActiveCfg = Release|Any CPU
		{7FA5A324-F232-4C59-A09E-509AED728ECF}.Release|Any CPU.Build.0 = Release|Any CPU
	EndGlobalSection
	GlobalSection(SolutionProperties) = preSolution
		HideSolutionNode = FALSE
	EndGlobalSection
	GlobalSection(ExtensibilityGlobals) = postSolution
		SolutionGuid = {F01A9466-271D-4242-AEAC-3AF0D46C4D69}
	EndGlobalSection
EndGlobal
